
Microsoft Visual Studio Solution File, Format Version 12.00
# Visual Studio Version 16
VisualStudioVersion = 16.0.30611.23
MinimumVisualStudioVersion = 10.0.40219.1
Project("{9A19103F-16F7-4668-BE54-9A1E7A4F7556}") = "BSplineTesting", "BSplineTesting.csproj", "{5C3017CB-B90F-4848-B64E-578F7FCDCFEE}"
EndProject
Global
	GlobalSection(SolutionConfigurationPlatforms) = preSolution
		Debug|Any CPU = Debug|Any CPU
		Debug|Default = Debug|Default
		Release|Any CPU = Release|Any CPU
		Release|Default = Release|Default
	EndGlobalSection
	GlobalSection(ProjectConfigurationPlatforms) = postSolution
		{5C3017CB-B90F-4848-B64E-578F7FCDCFEE}.Debug|Any CPU.ActiveCfg = Debug|Any CPU
		{5C3017CB-B90F-4848-B64E-578F7FCDCFEE}.Debug|Any CPU.Build.0 = Debug|Any CPU
		{5C3017CB-B90F-4848-B64E-578F7FCDCFEE}.Debug|Default.ActiveCfg = Debug|Any CPU
		{5C3017CB-B90F-4848-B64E-578F7FCDCFEE}.Debug|Default.Build.0 = Debug|Any CPU
		{5C3017CB-B90F-4848-B64E-578F7FCDCFEE}.Release|Any CPU.ActiveCfg = Release|Any CPU
		{5C3017CB-B90F-4848-B64E-578F7FCDCFEE}.Release|Any CPU.Build.0 = Release|Any CPU
		{5C3017CB-B90F-4848-B64E-578F7FCDCFEE}.Release|Default.ActiveCfg = Release|Any CPU
		{5C3017CB-B90F-4848-B64E-578F7FCDCFEE}.Release|Default.Build.0 = Release|Any CPU
	EndGlobalSection
	GlobalSection(SolutionProperties) = preSolution
		HideSolutionNode = FALSE
	EndGlobalSection
	GlobalSection(ExtensibilityGlobals) = postSolution
		SolutionGuid = {4EC60C39-5EF1-4BC5-837A-083AC3B6F53F}
	EndGlobalSection
	GlobalSection(SolutionConfigurationPlatforms) = preSolution
		Debug|Any CPU = Debug|Any CPU
		Debug|Default = Debug|Default
		Release|Any CPU = Release|Any CPU
		Release|Default = Release|Default
	EndGlobalSection
	GlobalSection(SolutionConfigurationPlatforms) = preSolution
		Debug|Any CPU = Debug|Any CPU
		Debug|Default = Debug|Default
		Release|Any CPU = Release|Any CPU
		Release|Default = Release|Default
	EndGlobalSection
EndGlobal
